
Microsoft Visual Studio Solution File, Format Version 12.00
# Visual Studio 15
VisualStudioVersion = 15.0.26730.16
MinimumVisualStudioVersion = 10.0.40219.1
Project("{FAE04EC0-301F-11D3-BF4B-00C04F79EFBC}") = "Askerlik.Core", "Askerlik.Core\Askerlik.Core.csproj", "{A51BEAD5-F5C2-4B95-BAF0-36CCCEA06C85}"
EndProject
Project("{FAE04EC0-301F-11D3-BF4B-00C04F79EFBC}") = "WindowsFormsApp1", "WindowsFormsApp1\WindowsFormsApp1.csproj", "{F47ADBFD-82C5-47B5-BF16-79843CE379A0}"
EndProject
Project("{FAE04EC0-301F-11D3-BF4B-00C04F79EFBC}") = "Askerlik.WebApi", "Askerlik.WebApi\Askerlik.WebApi.csproj", "{DE7DE8E0-6198-4F1E-A54F-2553B9DD75A2}"
EndProject
Project("{2150E333-8FDC-42A3-9474-1A3956D46DE8}") = "Solution Items", "Solution Items", "{E914DC9F-53BB-4CA4-82D1-EC8DE2464BFB}"
	ProjectSection(SolutionItems) = preProject
		Notlar.txt = Notlar.txt
	EndProjectSection
EndProject
Global
	GlobalSection(SolutionConfigurationPlatforms) = preSolution
		Debug|Any CPU = Debug|Any CPU
		Release|Any CPU = Release|Any CPU
	EndGlobalSection
	GlobalSection(ProjectConfigurationPlatforms) = postSolution
		{A51BEAD5-F5C2-4B95-BAF0-36CCCEA06C85}.Debug|Any CPU.ActiveCfg = Debug|Any CPU
		{A51BEAD5-F5C2-4B95-BAF0-36CCCEA06C85}.Debug|Any CPU.Build.0 = Debug|Any CPU
		{A51BEAD5-F5C2-4B95-BAF0-36CCCEA06C85}.Release|Any CPU.ActiveCfg = Release|Any CPU
		{A51BEAD5-F5C2-4B95-BAF0-36CCCEA06C85}.Release|Any CPU.Build.0 = Release|Any CPU
		{F47ADBFD-82C5-47B5-BF16-79843CE379A0}.Debug|Any CPU.ActiveCfg = Debug|Any CPU
		{F47ADBFD-82C5-47B5-BF16-79843CE379A0}.Debug|Any CPU.Build.0 = Debug|Any CPU
		{F47ADBFD-82C5-47B5-BF16-79843CE379A0}.Release|Any CPU.ActiveCfg = Release|Any CPU
		{F47ADBFD-82C5-47B5-BF16-79843CE379A0}.Release|Any CPU.Build.0 = Release|Any CPU
		{DE7DE8E0-6198-4F1E-A54F-2553B9DD75A2}.Debug|Any CPU.ActiveCfg = Debug|Any CPU
		{DE7DE8E0-6198-4F1E-A54F-2553B9DD75A2}.Debug|Any CPU.Build.0 = Debug|Any CPU
		{DE7DE8E0-6198-4F1E-A54F-2553B9DD75A2}.Release|Any CPU.ActiveCfg = Release|Any CPU
		{DE7DE8E0-6198-4F1E-A54F-2553B9DD75A2}.Release|Any CPU.Build.0 = Release|Any CPU
	EndGlobalSection
	GlobalSection(SolutionProperties) = preSolution
		HideSolutionNode = FALSE
	EndGlobalSection
	GlobalSection(ExtensibilityGlobals) = postSolution
		SolutionGuid = {3E8F6F0A-15A4-4E06-9FD9-219A8B5BFF33}
	EndGlobalSection
EndGlobal
